
Microsoft Visual Studio Solution File, Format Version 12.00
# Visual Studio Version 17
VisualStudioVersion = 17.4.33110.190
MinimumVisualStudioVersion = 10.0.40219.1
Project("{9A19103F-16F7-4668-BE54-9A1E7A4F7556}") = "Lab1", "CSharpLabs\Lab1.csproj", "{C0F32707-CF7F-4192-84AC-A79F228AE2D4}"
EndProject
Project("{9A19103F-16F7-4668-BE54-9A1E7A4F7556}") = "Lab2", "Lab2\Lab2.csproj", "{4B53210A-1D12-43C0-BAF6-AE0E74B20306}"
EndProject
Project("{9A19103F-16F7-4668-BE54-9A1E7A4F7556}") = "Lab3", "Lab3\Lab3.csproj", "{93B1F9A0-2434-407A-B27A-E7CF2AA9368C}"
EndProject
Project("{FAE04EC0-301F-11D3-BF4B-00C04F79EFBC}") = "Lab4", "Lab4\Lab4.csproj", "{B23FECD4-88BF-4ED2-96F1-5EFFA7AC91BA}"
EndProject
Global
	GlobalSection(SolutionConfigurationPlatforms) = preSolution
		Debug|Any CPU = Debug|Any CPU
		Release|Any CPU = Release|Any CPU
	EndGlobalSection
	GlobalSection(ProjectConfigurationPlatforms) = postSolution
		{C0F32707-CF7F-4192-84AC-A79F228AE2D4}.Debug|Any CPU.ActiveCfg = Debug|Any CPU
		{C0F32707-CF7F-4192-84AC-A79F228AE2D4}.Debug|Any CPU.Build.0 = Debug|Any CPU
		{C0F32707-CF7F-4192-84AC-A79F228AE2D4}.Release|Any CPU.ActiveCfg = Release|Any CPU
		{C0F32707-CF7F-4192-84AC-A79F228AE2D4}.Release|Any CPU.Build.0 = Release|Any CPU
		{4B53210A-1D12-43C0-BAF6-AE0E74B20306}.Debug|Any CPU.ActiveCfg = Debug|Any CPU
		{4B53210A-1D12-43C0-BAF6-AE0E74B20306}.Debug|Any CPU.Build.0 = Debug|Any CPU
		{4B53210A-1D12-43C0-BAF6-AE0E74B20306}.Release|Any CPU.ActiveCfg = Release|Any CPU
		{4B53210A-1D12-43C0-BAF6-AE0E74B20306}.Release|Any CPU.Build.0 = Release|Any CPU
		{93B1F9A0-2434-407A-B27A-E7CF2AA9368C}.Debug|Any CPU.ActiveCfg = Debug|Any CPU
		{93B1F9A0-2434-407A-B27A-E7CF2AA9368C}.Debug|Any CPU.Build.0 = Debug|Any CPU
		{93B1F9A0-2434-407A-B27A-E7CF2AA9368C}.Release|Any CPU.ActiveCfg = Release|Any CPU
		{93B1F9A0-2434-407A-B27A-E7CF2AA9368C}.Release|Any CPU.Build.0 = Release|Any CPU
		{B23FECD4-88BF-4ED2-96F1-5EFFA7AC91BA}.Debug|Any CPU.ActiveCfg = Debug|Any CPU
		{B23FECD4-88BF-4ED2-96F1-5EFFA7AC91BA}.Debug|Any CPU.Build.0 = Debug|Any CPU
		{B23FECD4-88BF-4ED2-96F1-5EFFA7AC91BA}.Release|Any CPU.ActiveCfg = Release|Any CPU
		{B23FECD4-88BF-4ED2-96F1-5EFFA7AC91BA}.Release|Any CPU.Build.0 = Release|Any CPU
	EndGlobalSection
	GlobalSection(SolutionProperties) = preSolution
		HideSolutionNode = FALSE
	EndGlobalSection
	GlobalSection(ExtensibilityGlobals) = postSolution
		SolutionGuid = {45D4EF04-493D-4625-9E83-C297F7F2104F}
	EndGlobalSection
EndGlobal
